
Microsoft Visual Studio Solution File, Format Version 11.00
# Visual Studio 2010
Project("{2150E333-8FDC-42A3-9474-1A3956D46DE8}") = "__Build_Utilities", "__Build_Utilities", "{7AC4D197-535A-4686-8E21-18257B2ADB3A}"
	ProjectSection(SolutionItems) = preProject
		..\InstallGems.bat = ..\InstallGems.bat
		..\rakefile.rb = ..\rakefile.rb
	EndProjectSection
EndProject
Project("{FAE04EC0-301F-11D3-BF4B-00C04F79EFBC}") = "FubuValidation", "FubuValidation\FubuValidation.csproj", "{D100D12E-9818-4578-B25E-C1EDA3477820}"
EndProject
Project("{FAE04EC0-301F-11D3-BF4B-00C04F79EFBC}") = "FubuValidation.Tests", "FubuValidation.Tests\FubuValidation.Tests.csproj", "{BEC92347-1382-4D05-BC3E-5F9162A859C4}"
EndProject
Project("{FAE04EC0-301F-11D3-BF4B-00C04F79EFBC}") = "FubuMVC.Validation", "FubuMVC.Validation\FubuMVC.Validation.csproj", "{1D14C442-9F90-4B28-B4F9-79CD6E1B6E40}"
EndProject
Project("{FAE04EC0-301F-11D3-BF4B-00C04F79EFBC}") = "FubuMVC.Validation.Tests", "FubuMVC.Validation.Tests\FubuMVC.Validation.Tests.csproj", "{1207D3CC-1F4B-40AC-8926-E0669DED7A4B}"
EndProject
Project("{FAE04EC0-301F-11D3-BF4B-00C04F79EFBC}") = "FubuValidation.StructureMap", "FubuValidation.StructureMap\FubuValidation.StructureMap.csproj", "{833D0F4C-1D8A-491E-A966-E5F048A902A0}"
EndProject
Project("{FAE04EC0-301F-11D3-BF4B-00C04F79EFBC}") = "FubuValidation.StructureMap.Tests", "FubuValidation.StructureMap.Tests\FubuValidation.StructureMap.Tests.csproj", "{F5A982CA-899A-44A4-91FF-B91DDD425949}"
EndProject
Project("{FAE04EC0-301F-11D3-BF4B-00C04F79EFBC}") = "FubuMVC.Validation.IntegrationTesting", "FubuMVC.Validation.IntegrationTesting\FubuMVC.Validation.IntegrationTesting.csproj", "{9E06EFB8-66B9-4D0E-ADE4-0276AD8ED3A2}"
EndProject
Project("{FAE04EC0-301F-11D3-BF4B-00C04F79EFBC}") = "FubuMVC.HelloValidation", "FubuMVC.HelloValidation\FubuMVC.HelloValidation.csproj", "{42250192-9665-47BC-895B-940EB8869916}"
EndProject
Project("{FAE04EC0-301F-11D3-BF4B-00C04F79EFBC}") = "FubuMVC.Validation.StoryTeller", "FubuMVC.Validation.StoryTeller\FubuMVC.Validation.StoryTeller.csproj", "{19D1BF8E-B4CA-4091-8F5D-9C9F9EBDC13F}"
EndProject
Project("{FAE04EC0-301F-11D3-BF4B-00C04F79EFBC}") = "FubuMVC.Validation.Serenity", "FubuMVC.Validation.Serenity\FubuMVC.Validation.Serenity.csproj", "{A30EE761-C299-453A-BCB6-B03A664463CD}"
EndProject
Global
	GlobalSection(SolutionConfigurationPlatforms) = preSolution
		Debug|Any CPU = Debug|Any CPU
		Debug|Mixed Platforms = Debug|Mixed Platforms
		Debug|x86 = Debug|x86
		Release|Any CPU = Release|Any CPU
		Release|Mixed Platforms = Release|Mixed Platforms
		Release|x86 = Release|x86
		Retail|Any CPU = Retail|Any CPU
		Retail|Mixed Platforms = Retail|Mixed Platforms
		Retail|x86 = Retail|x86
	EndGlobalSection
	GlobalSection(ProjectConfigurationPlatforms) = postSolution
		{D100D12E-9818-4578-B25E-C1EDA3477820}.Debug|Any CPU.ActiveCfg = Debug|Any CPU
		{D100D12E-9818-4578-B25E-C1EDA3477820}.Debug|Any CPU.Build.0 = Debug|Any CPU
		{D100D12E-9818-4578-B25E-C1EDA3477820}.Debug|Mixed Platforms.ActiveCfg = Debug|Any CPU
		{D100D12E-9818-4578-B25E-C1EDA3477820}.Debug|Mixed Platforms.Build.0 = Debug|Any CPU
		{D100D12E-9818-4578-B25E-C1EDA3477820}.Debug|x86.ActiveCfg = Debug|Any CPU
		{D100D12E-9818-4578-B25E-C1EDA3477820}.Release|Any CPU.ActiveCfg = Release|Any CPU
		{D100D12E-9818-4578-B25E-C1EDA3477820}.Release|Any CPU.Build.0 = Release|Any CPU
		{D100D12E-9818-4578-B25E-C1EDA3477820}.Release|Mixed Platforms.ActiveCfg = Release|Any CPU
		{D100D12E-9818-4578-B25E-C1EDA3477820}.Release|Mixed Platforms.Build.0 = Release|Any CPU
		{D100D12E-9818-4578-B25E-C1EDA3477820}.Release|x86.ActiveCfg = Release|Any CPU
		{D100D12E-9818-4578-B25E-C1EDA3477820}.Retail|Any CPU.ActiveCfg = Release|Any CPU
		{D100D12E-9818-4578-B25E-C1EDA3477820}.Retail|Any CPU.Build.0 = Release|Any CPU
		{D100D12E-9818-4578-B25E-C1EDA3477820}.Retail|Mixed Platforms.ActiveCfg = Release|Any CPU
		{D100D12E-9818-4578-B25E-C1EDA3477820}.Retail|x86.ActiveCfg = Release|Any CPU
		{BEC92347-1382-4D05-BC3E-5F9162A859C4}.Debug|Any CPU.ActiveCfg = Debug|Any CPU
		{BEC92347-1382-4D05-BC3E-5F9162A859C4}.Debug|Any CPU.Build.0 = Debug|Any CPU
		{BEC92347-1382-4D05-BC3E-5F9162A859C4}.Debug|Mixed Platforms.ActiveCfg = Debug|Any CPU
		{BEC92347-1382-4D05-BC3E-5F9162A859C4}.Debug|Mixed Platforms.Build.0 = Debug|Any CPU
		{BEC92347-1382-4D05-BC3E-5F9162A859C4}.Debug|x86.ActiveCfg = Debug|Any CPU
		{BEC92347-1382-4D05-BC3E-5F9162A859C4}.Release|Any CPU.ActiveCfg = Release|Any CPU
		{BEC92347-1382-4D05-BC3E-5F9162A859C4}.Release|Any CPU.Build.0 = Release|Any CPU
		{BEC92347-1382-4D05-BC3E-5F9162A859C4}.Release|Mixed Platforms.ActiveCfg = Release|Any CPU
		{BEC92347-1382-4D05-BC3E-5F9162A859C4}.Release|Mixed Platforms.Build.0 = Release|Any CPU
		{BEC92347-1382-4D05-BC3E-5F9162A859C4}.Release|x86.ActiveCfg = Release|Any CPU
		{BEC92347-1382-4D05-BC3E-5F9162A859C4}.Retail|Any CPU.ActiveCfg = Release|Any CPU
		{BEC92347-1382-4D05-BC3E-5F9162A859C4}.Retail|Any CPU.Build.0 = Release|Any CPU
		{BEC92347-1382-4D05-BC3E-5F9162A859C4}.Retail|Mixed Platforms.ActiveCfg = Release|Any CPU
		{BEC92347-1382-4D05-BC3E-5F9162A859C4}.Retail|x86.ActiveCfg = Release|Any CPU
		{1D14C442-9F90-4B28-B4F9-79CD6E1B6E40}.Debug|Any CPU.ActiveCfg = Debug|Any CPU
		{1D14C442-9F90-4B28-B4F9-79CD6E1B6E40}.Debug|Any CPU.Build.0 = Debug|Any CPU
		{1D14C442-9F90-4B28-B4F9-79CD6E1B6E40}.Debug|Mixed Platforms.ActiveCfg = Debug|Any CPU
		{1D14C442-9F90-4B28-B4F9-79CD6E1B6E40}.Debug|Mixed Platforms.Build.0 = Debug|Any CPU
		{1D14C442-9F90-4B28-B4F9-79CD6E1B6E40}.Debug|x86.ActiveCfg = Debug|Any CPU
		{1D14C442-9F90-4B28-B4F9-79CD6E1B6E40}.Release|Any CPU.ActiveCfg = Release|Any CPU
		{1D14C442-9F90-4B28-B4F9-79CD6E1B6E40}.Release|Any CPU.Build.0 = Release|Any CPU
		{1D14C442-9F90-4B28-B4F9-79CD6E1B6E40}.Release|Mixed Platforms.ActiveCfg = Release|Any CPU
		{1D14C442-9F90-4B28-B4F9-79CD6E1B6E40}.Release|Mixed Platforms.Build.0 = Release|Any CPU
		{1D14C442-9F90-4B28-B4F9-79CD6E1B6E40}.Release|x86.ActiveCfg = Release|Any CPU
		{1D14C442-9F90-4B28-B4F9-79CD6E1B6E40}.Retail|Any CPU.ActiveCfg = Release|Any CPU
		{1D14C442-9F90-4B28-B4F9-79CD6E1B6E40}.Retail|Any CPU.Build.0 = Release|Any CPU
		{1D14C442-9F90-4B28-B4F9-79CD6E1B6E40}.Retail|Mixed Platforms.ActiveCfg = Release|Any CPU
		{1D14C442-9F90-4B28-B4F9-79CD6E1B6E40}.Retail|Mixed Platforms.Build.0 = Release|Any CPU
		{1D14C442-9F90-4B28-B4F9-79CD6E1B6E40}.Retail|x86.ActiveCfg = Release|Any CPU
		{1207D3CC-1F4B-40AC-8926-E0669DED7A4B}.Debug|Any CPU.ActiveCfg = Debug|Any CPU
		{1207D3CC-1F4B-40AC-8926-E0669DED7A4B}.Debug|Any CPU.Build.0 = Debug|Any CPU
		{1207D3CC-1F4B-40AC-8926-E0669DED7A4B}.Debug|Mixed Platforms.ActiveCfg = Debug|Any CPU
		{1207D3CC-1F4B-40AC-8926-E0669DED7A4B}.Debug|Mixed Platforms.Build.0 = Debug|Any CPU
		{1207D3CC-1F4B-40AC-8926-E0669DED7A4B}.Debug|x86.ActiveCfg = Debug|Any CPU
		{1207D3CC-1F4B-40AC-8926-E0669DED7A4B}.Release|Any CPU.ActiveCfg = Release|Any CPU
		{1207D3CC-1F4B-40AC-8926-E0669DED7A4B}.Release|Any CPU.Build.0 = Release|Any CPU
		{1207D3CC-1F4B-40AC-8926-E0669DED7A4B}.Release|Mixed Platforms.ActiveCfg = Release|Any CPU
		{1207D3CC-1F4B-40AC-8926-E0669DED7A4B}.Release|Mixed Platforms.Build.0 = Release|Any CPU
		{1207D3CC-1F4B-40AC-8926-E0669DED7A4B}.Release|x86.ActiveCfg = Release|Any CPU
		{1207D3CC-1F4B-40AC-8926-E0669DED7A4B}.Retail|Any CPU.ActiveCfg = Release|Any CPU
		{1207D3CC-1F4B-40AC-8926-E0669DED7A4B}.Retail|Any CPU.Build.0 = Release|Any CPU
		{1207D3CC-1F4B-40AC-8926-E0669DED7A4B}.Retail|Mixed Platforms.ActiveCfg = Release|Any CPU
		{1207D3CC-1F4B-40AC-8926-E0669DED7A4B}.Retail|Mixed Platforms.Build.0 = Release|Any CPU
		{1207D3CC-1F4B-40AC-8926-E0669DED7A4B}.Retail|x86.ActiveCfg = Release|Any CPU
		{833D0F4C-1D8A-491E-A966-E5F048A902A0}.Debug|Any CPU.ActiveCfg = Debug|Any CPU
		{833D0F4C-1D8A-491E-A966-E5F048A902A0}.Debug|Any CPU.Build.0 = Debug|Any CPU
		{833D0F4C-1D8A-491E-A966-E5F048A902A0}.Debug|Mixed Platforms.ActiveCfg = Debug|Any CPU
		{833D0F4C-1D8A-491E-A966-E5F048A902A0}.Debug|Mixed Platforms.Build.0 = Debug|Any CPU
		{833D0F4C-1D8A-491E-A966-E5F048A902A0}.Debug|x86.ActiveCfg = Debug|Any CPU
		{833D0F4C-1D8A-491E-A966-E5F048A902A0}.Release|Any CPU.ActiveCfg = Release|Any CPU
		{833D0F4C-1D8A-491E-A966-E5F048A902A0}.Release|Any CPU.Build.0 = Release|Any CPU
		{833D0F4C-1D8A-491E-A966-E5F048A902A0}.Release|Mixed Platforms.ActiveCfg = Release|Any CPU
		{833D0F4C-1D8A-491E-A966-E5F048A902A0}.Release|Mixed Platforms.Build.0 = Release|Any CPU
		{833D0F4C-1D8A-491E-A966-E5F048A902A0}.Release|x86.ActiveCfg = Release|Any CPU
		{833D0F4C-1D8A-491E-A966-E5F048A902A0}.Retail|Any CPU.ActiveCfg = Release|Any CPU
		{833D0F4C-1D8A-491E-A966-E5F048A902A0}.Retail|Any CPU.Build.0 = Release|Any CPU
		{833D0F4C-1D8A-491E-A966-E5F048A902A0}.Retail|Mixed Platforms.ActiveCfg = Release|Any CPU
		{833D0F4C-1D8A-491E-A966-E5F048A902A0}.Retail|Mixed Platforms.Build.0 = Release|Any CPU
		{833D0F4C-1D8A-491E-A966-E5F048A902A0}.Retail|x86.ActiveCfg = Release|Any CPU
		{F5A982CA-899A-44A4-91FF-B91DDD425949}.Debug|Any CPU.ActiveCfg = Debug|Any CPU
		{F5A982CA-899A-44A4-91FF-B91DDD425949}.Debug|Any CPU.Build.0 = Debug|Any CPU
		{F5A982CA-899A-44A4-91FF-B91DDD425949}.Debug|Mixed Platforms.ActiveCfg = Debug|Any CPU
		{F5A982CA-899A-44A4-91FF-B91DDD425949}.Debug|Mixed Platforms.Build.0 = Debug|Any CPU
		{F5A982CA-899A-44A4-91FF-B91DDD425949}.Debug|x86.ActiveCfg = Debug|Any CPU
		{F5A982CA-899A-44A4-91FF-B91DDD425949}.Release|Any CPU.ActiveCfg = Release|Any CPU
		{F5A982CA-899A-44A4-91FF-B91DDD425949}.Release|Any CPU.Build.0 = Release|Any CPU
		{F5A982CA-899A-44A4-91FF-B91DDD425949}.Release|Mixed Platforms.ActiveCfg = Release|Any CPU
		{F5A982CA-899A-44A4-91FF-B91DDD425949}.Release|Mixed Platforms.Build.0 = Release|Any CPU
		{F5A982CA-899A-44A4-91FF-B91DDD425949}.Release|x86.ActiveCfg = Release|Any CPU
		{F5A982CA-899A-44A4-91FF-B91DDD425949}.Retail|Any CPU.ActiveCfg = Release|Any CPU
		{F5A982CA-899A-44A4-91FF-B91DDD425949}.Retail|Any CPU.Build.0 = Release|Any CPU
		{F5A982CA-899A-44A4-91FF-B91DDD425949}.Retail|Mixed Platforms.ActiveCfg = Release|Any CPU
		{F5A982CA-899A-44A4-91FF-B91DDD425949}.Retail|Mixed Platforms.Build.0 = Release|Any CPU
		{F5A982CA-899A-44A4-91FF-B91DDD425949}.Retail|x86.ActiveCfg = Release|Any CPU
		{9E06EFB8-66B9-4D0E-ADE4-0276AD8ED3A2}.Debug|Any CPU.ActiveCfg = Debug|Any CPU
		{9E06EFB8-66B9-4D0E-ADE4-0276AD8ED3A2}.Debug|Any CPU.Build.0 = Debug|Any CPU
		{9E06EFB8-66B9-4D0E-ADE4-0276AD8ED3A2}.Debug|Mixed Platforms.ActiveCfg = Debug|Any CPU
		{9E06EFB8-66B9-4D0E-ADE4-0276AD8ED3A2}.Debug|Mixed Platforms.Build.0 = Debug|Any CPU
		{9E06EFB8-66B9-4D0E-ADE4-0276AD8ED3A2}.Debug|x86.ActiveCfg = Debug|Any CPU
		{9E06EFB8-66B9-4D0E-ADE4-0276AD8ED3A2}.Release|Any CPU.ActiveCfg = Release|Any CPU
		{9E06EFB8-66B9-4D0E-ADE4-0276AD8ED3A2}.Release|Any CPU.Build.0 = Release|Any CPU
		{9E06EFB8-66B9-4D0E-ADE4-0276AD8ED3A2}.Release|Mixed Platforms.ActiveCfg = Release|Any CPU
		{9E06EFB8-66B9-4D0E-ADE4-0276AD8ED3A2}.Release|Mixed Platforms.Build.0 = Release|Any CPU
		{9E06EFB8-66B9-4D0E-ADE4-0276AD8ED3A2}.Release|x86.ActiveCfg = Release|Any CPU
		{9E06EFB8-66B9-4D0E-ADE4-0276AD8ED3A2}.Retail|Any CPU.ActiveCfg = Release|Any CPU
		{9E06EFB8-66B9-4D0E-ADE4-0276AD8ED3A2}.Retail|Any CPU.Build.0 = Release|Any CPU
		{9E06EFB8-66B9-4D0E-ADE4-0276AD8ED3A2}.Retail|Mixed Platforms.ActiveCfg = Release|Any CPU
		{9E06EFB8-66B9-4D0E-ADE4-0276AD8ED3A2}.Retail|Mixed Platforms.Build.0 = Release|Any CPU
		{9E06EFB8-66B9-4D0E-ADE4-0276AD8ED3A2}.Retail|x86.ActiveCfg = Release|Any CPU
		{42250192-9665-47BC-895B-940EB8869916}.Debug|Any CPU.ActiveCfg = Debug|Any CPU
		{42250192-9665-47BC-895B-940EB8869916}.Debug|Any CPU.Build.0 = Debug|Any CPU
		{42250192-9665-47BC-895B-940EB8869916}.Debug|Mixed Platforms.ActiveCfg = Debug|Any CPU
		{42250192-9665-47BC-895B-940EB8869916}.Debug|Mixed Platforms.Build.0 = Debug|Any CPU
		{42250192-9665-47BC-895B-940EB8869916}.Debug|x86.ActiveCfg = Debug|Any CPU
		{42250192-9665-47BC-895B-940EB8869916}.Release|Any CPU.ActiveCfg = Release|Any CPU
		{42250192-9665-47BC-895B-940EB8869916}.Release|Any CPU.Build.0 = Release|Any CPU
		{42250192-9665-47BC-895B-940EB8869916}.Release|Mixed Platforms.ActiveCfg = Release|Any CPU
		{42250192-9665-47BC-895B-940EB8869916}.Release|Mixed Platforms.Build.0 = Release|Any CPU
		{42250192-9665-47BC-895B-940EB8869916}.Release|x86.ActiveCfg = Release|Any CPU
		{42250192-9665-47BC-895B-940EB8869916}.Retail|Any CPU.ActiveCfg = Release|Any CPU
		{42250192-9665-47BC-895B-940EB8869916}.Retail|Any CPU.Build.0 = Release|Any CPU
		{42250192-9665-47BC-895B-940EB8869916}.Retail|Mixed Platforms.ActiveCfg = Release|Any CPU
		{42250192-9665-47BC-895B-940EB8869916}.Retail|Mixed Platforms.Build.0 = Release|Any CPU
		{42250192-9665-47BC-895B-940EB8869916}.Retail|x86.ActiveCfg = Release|Any CPU
		{19D1BF8E-B4CA-4091-8F5D-9C9F9EBDC13F}.Debug|Any CPU.ActiveCfg = Debug|Any CPU
		{19D1BF8E-B4CA-4091-8F5D-9C9F9EBDC13F}.Debug|Any CPU.Build.0 = Debug|Any CPU
		{19D1BF8E-B4CA-4091-8F5D-9C9F9EBDC13F}.Debug|Mixed Platforms.ActiveCfg = Debug|Any CPU
		{19D1BF8E-B4CA-4091-8F5D-9C9F9EBDC13F}.Debug|Mixed Platforms.Build.0 = Debug|Any CPU
		{19D1BF8E-B4CA-4091-8F5D-9C9F9EBDC13F}.Debug|x86.ActiveCfg = Debug|Any CPU
		{19D1BF8E-B4CA-4091-8F5D-9C9F9EBDC13F}.Release|Any CPU.ActiveCfg = Release|Any CPU
		{19D1BF8E-B4CA-4091-8F5D-9C9F9EBDC13F}.Release|Any CPU.Build.0 = Release|Any CPU
		{19D1BF8E-B4CA-4091-8F5D-9C9F9EBDC13F}.Release|Mixed Platforms.ActiveCfg = Release|Any CPU
		{19D1BF8E-B4CA-4091-8F5D-9C9F9EBDC13F}.Release|Mixed Platforms.Build.0 = Release|Any CPU
		{19D1BF8E-B4CA-4091-8F5D-9C9F9EBDC13F}.Release|x86.ActiveCfg = Release|Any CPU
		{19D1BF8E-B4CA-4091-8F5D-9C9F9EBDC13F}.Retail|Any CPU.ActiveCfg = Release|Any CPU
		{19D1BF8E-B4CA-4091-8F5D-9C9F9EBDC13F}.Retail|Any CPU.Build.0 = Release|Any CPU
		{19D1BF8E-B4CA-4091-8F5D-9C9F9EBDC13F}.Retail|Mixed Platforms.ActiveCfg = Release|Any CPU
		{19D1BF8E-B4CA-4091-8F5D-9C9F9EBDC13F}.Retail|Mixed Platforms.Build.0 = Release|Any CPU
		{19D1BF8E-B4CA-4091-8F5D-9C9F9EBDC13F}.Retail|x86.ActiveCfg = Release|Any CPU
		{A30EE761-C299-453A-BCB6-B03A664463CD}.Debug|Any CPU.ActiveCfg = Debug|Any CPU
		{A30EE761-C299-453A-BCB6-B03A664463CD}.Debug|Any CPU.Build.0 = Debug|Any CPU
		{A30EE761-C299-453A-BCB6-B03A664463CD}.Debug|Mixed Platforms.ActiveCfg = Debug|Any CPU
		{A30EE761-C299-453A-BCB6-B03A664463CD}.Debug|Mixed Platforms.Build.0 = Debug|Any CPU
		{A30EE761-C299-453A-BCB6-B03A664463CD}.Debug|x86.ActiveCfg = Debug|Any CPU
		{A30EE761-C299-453A-BCB6-B03A664463CD}.Release|Any CPU.ActiveCfg = Release|Any CPU
		{A30EE761-C299-453A-BCB6-B03A664463CD}.Release|Any CPU.Build.0 = Release|Any CPU
		{A30EE761-C299-453A-BCB6-B03A664463CD}.Release|Mixed Platforms.ActiveCfg = Release|Any CPU
		{A30EE761-C299-453A-BCB6-B03A664463CD}.Release|Mixed Platforms.Build.0 = Release|Any CPU
		{A30EE761-C299-453A-BCB6-B03A664463CD}.Release|x86.ActiveCfg = Release|Any CPU
		{A30EE761-C299-453A-BCB6-B03A664463CD}.Retail|Any CPU.ActiveCfg = Release|Any CPU
		{A30EE761-C299-453A-BCB6-B03A664463CD}.Retail|Any CPU.Build.0 = Release|Any CPU
		{A30EE761-C299-453A-BCB6-B03A664463CD}.Retail|Mixed Platforms.ActiveCfg = Release|Any CPU
		{A30EE761-C299-453A-BCB6-B03A664463CD}.Retail|Mixed Platforms.Build.0 = Release|Any CPU
		{A30EE761-C299-453A-BCB6-B03A664463CD}.Retail|x86.ActiveCfg = Release|Any CPU
	EndGlobalSection
	GlobalSection(SolutionProperties) = preSolution
		HideSolutionNode = FALSE
	EndGlobalSection
EndGlobal
